
Microsoft Visual Studio Solution File, Format Version 12.00
# Visual Studio Version 17
VisualStudioVersion = 17.4.33213.308
MinimumVisualStudioVersion = 10.0.40219.1
Project("{FAE04EC0-301F-11D3-BF4B-00C04F79EFBC}") = "SDETAPI_CSharp", "SDETAPI_CSharp\SDETAPI_CSharp.csproj", "{BAC1CAF6-6222-4FFE-B23D-6DD0D0C83502}"
EndProject
Global
	GlobalSection(SolutionConfigurationPlatforms) = preSolution
		Debug|Any CPU = Debug|Any CPU
		Release|Any CPU = Release|Any CPU
	EndGlobalSection
	GlobalSection(ProjectConfigurationPlatforms) = postSolution
		{BAC1CAF6-6222-4FFE-B23D-6DD0D0C83502}.Debug|Any CPU.ActiveCfg = Debug|Any CPU
		{BAC1CAF6-6222-4FFE-B23D-6DD0D0C83502}.Debug|Any CPU.Build.0 = Debug|Any CPU
		{BAC1CAF6-6222-4FFE-B23D-6DD0D0C83502}.Release|Any CPU.ActiveCfg = Release|Any CPU
		{BAC1CAF6-6222-4FFE-B23D-6DD0D0C83502}.Release|Any CPU.Build.0 = Release|Any CPU
	EndGlobalSection
	GlobalSection(SolutionProperties) = preSolution
		HideSolutionNode = FALSE
	EndGlobalSection
	GlobalSection(ExtensibilityGlobals) = postSolution
		SolutionGuid = {472D8556-FE46-4EA0-BD53-B18EDBC5AFDD}
	EndGlobalSection
EndGlobal
